
Microsoft Visual Studio Solution File, Format Version 12.00
# Visual Studio Version 16
VisualStudioVersion = 16.0.29403.142
MinimumVisualStudioVersion = 10.0.40219.1
Project("{9A19103F-16F7-4668-BE54-9A1E7A4F7556}") = "core_Receiver", "dotNet_Receiver\core_Receiver.csproj", "{FE28A878-F522-49D5-98EB-4A15B6CF5D77}"
EndProject
Global
	GlobalSection(SolutionConfigurationPlatforms) = preSolution
		Debug|Any CPU = Debug|Any CPU
		Release|Any CPU = Release|Any CPU
	EndGlobalSection
	GlobalSection(ProjectConfigurationPlatforms) = postSolution
		{FE28A878-F522-49D5-98EB-4A15B6CF5D77}.Debug|Any CPU.ActiveCfg = Debug|Any CPU
		{FE28A878-F522-49D5-98EB-4A15B6CF5D77}.Debug|Any CPU.Build.0 = Debug|Any CPU
		{FE28A878-F522-49D5-98EB-4A15B6CF5D77}.Release|Any CPU.ActiveCfg = Release|Any CPU
		{FE28A878-F522-49D5-98EB-4A15B6CF5D77}.Release|Any CPU.Build.0 = Release|Any CPU
	EndGlobalSection
	GlobalSection(SolutionProperties) = preSolution
		HideSolutionNode = FALSE
	EndGlobalSection
	GlobalSection(ExtensibilityGlobals) = postSolution
		SolutionGuid = {209A5D90-5ADE-41B8-A8A4-C0BB37DCA111}
	EndGlobalSection
EndGlobal
