
Microsoft Visual Studio Solution File, Format Version 12.00
# Visual Studio 15
VisualStudioVersion = 15.0.27004.2006
MinimumVisualStudioVersion = 10.0.40219.1
Project("{FAE04EC0-301F-11D3-BF4B-00C04F79EFBC}") = "dotNet_Receiver", "dotNet_Receiver\dotNet_Receiver.csproj", "{5F2C31E1-209C-4373-A107-14A64AD66A62}"
EndProject
Global
	GlobalSection(SolutionConfigurationPlatforms) = preSolution
		Debug|Any CPU = Debug|Any CPU
		Release|Any CPU = Release|Any CPU
	EndGlobalSection
	GlobalSection(ProjectConfigurationPlatforms) = postSolution
		{5F2C31E1-209C-4373-A107-14A64AD66A62}.Debug|Any CPU.ActiveCfg = Debug|Any CPU
		{5F2C31E1-209C-4373-A107-14A64AD66A62}.Debug|Any CPU.Build.0 = Debug|Any CPU
		{5F2C31E1-209C-4373-A107-14A64AD66A62}.Release|Any CPU.ActiveCfg = Release|Any CPU
		{5F2C31E1-209C-4373-A107-14A64AD66A62}.Release|Any CPU.Build.0 = Release|Any CPU
	EndGlobalSection
	GlobalSection(SolutionProperties) = preSolution
		HideSolutionNode = FALSE
	EndGlobalSection
	GlobalSection(ExtensibilityGlobals) = postSolution
		SolutionGuid = {209A5D90-5ADE-41B8-A8A4-C0BB37DCA111}
	EndGlobalSection
EndGlobal
